<?xml version="1.0" encoding="utf-8"?>
<Project ToolsVersion="4.0" xmlns="http://schemas.microsoft.com/developer/msbuild/2003">
  <ItemGroup>
    <ClCompile Include="main.cpp">
      <Filter>Source Files</Filter>
    </ClCompile>
    <ClCompile Include="oni_reader.cpp">
      <Filter>Source Files</Filter>
    </ClCompile>
    <ClCompile Include="feature_contraction.cpp">
      <Filter>Source Files</Filter>
    </ClCompile>
    <ClCompile Include="sample.cpp">
      <Filter>Source Files</Filter>
    </ClCompile>
    <ClCompile Include="img_processing_functions.cpp">
      <Filter>Source Files</Filter>
    </ClCompile>
    <ClCompile Include="feature_stability.cpp">
      <Filter>Source Files</Filter>
    </ClCompile>
    <ClCompile Include="feature_energy.cpp">
      <Filter>Source Files</Filter>
    </ClCompile>
    <ClCompile Include="feature_impulse.cpp">
      <Filter>Source Files</Filter>
    </ClCompile>
    <ClCompile Include="feature_direction.cpp">
      <Filter>Source Files</Filter>
    </ClCompile>
    <ClCompile Include="feature_displacement.cpp">
      <Filter>Source Files</Filter>
    </ClCompile>
    <ClCompile Include="feature_extractor.cpp">
      <Filter>Source Files</Filter>
    </ClCompile>
  </ItemGroup>
  <ItemGroup>
    <Filter Include="Header Files">
      <UniqueIdentifier>{8c088461-e509-4fa7-9e76-012dce6b089d}</UniqueIdentifier>
    </Filter>
    <Filter Include="Source Files">
      <UniqueIdentifier>{dbd9e77d-856a-4769-a074-dbcc0bb9e650}</UniqueIdentifier>
    </Filter>
  </ItemGroup>
  <ItemGroup>
    <ClInclude Include="oni_reader.h">
      <Filter>Header Files</Filter>
    </ClInclude>
    <ClInclude Include="feature_contraction.h">
      <Filter>Header Files</Filter>
    </ClInclude>
    <ClInclude Include="sample.h">
      <Filter>Header Files</Filter>
    </ClInclude>
    <ClInclude Include="img_processing_functions.h">
      <Filter>Header Files</Filter>
    </ClInclude>
    <ClInclude Include="feature_stability.h">
      <Filter>Header Files</Filter>
    </ClInclude>
    <ClInclude Include="feature_energy.h">
      <Filter>Header Files</Filter>
    </ClInclude>
    <ClInclude Include="feature_impulse.h">
      <Filter>Header Files</Filter>
    </ClInclude>
    <ClInclude Include="feature_direction.h">
      <Filter>Header Files</Filter>
    </ClInclude>
    <ClInclude Include="feature_displacement.h">
      <Filter>Header Files</Filter>
    </ClInclude>
    <ClInclude Include="feature_extractor.h">
      <Filter>Header Files</Filter>
    </ClInclude>
  </ItemGroup>
  <ItemGroup>
    <None Include="FeatureExtractor2.licenseheader" />
  </ItemGroup>
</Project>